
Microsoft Visual Studio Solution File, Format Version 12.00
# Visual Studio Version 17
VisualStudioVersion = 17.7.34024.191
MinimumVisualStudioVersion = 10.0.40219.1
Project("{FAE04EC0-301F-11D3-BF4B-00C04F79EFBC}") = "PZ_05", "PZ_05\PZ_05.csproj", "{56B819DB-7D8C-4481-BCA6-D916F335FB42}"
EndProject
Global
	GlobalSection(SolutionConfigurationPlatforms) = preSolution
		Debug|Any CPU = Debug|Any CPU
		Release|Any CPU = Release|Any CPU
	EndGlobalSection
	GlobalSection(ProjectConfigurationPlatforms) = postSolution
		{56B819DB-7D8C-4481-BCA6-D916F335FB42}.Debug|Any CPU.ActiveCfg = Debug|Any CPU
		{56B819DB-7D8C-4481-BCA6-D916F335FB42}.Debug|Any CPU.Build.0 = Debug|Any CPU
		{56B819DB-7D8C-4481-BCA6-D916F335FB42}.Release|Any CPU.ActiveCfg = Release|Any CPU
		{56B819DB-7D8C-4481-BCA6-D916F335FB42}.Release|Any CPU.Build.0 = Release|Any CPU
	EndGlobalSection
	GlobalSection(SolutionProperties) = preSolution
		HideSolutionNode = FALSE
	EndGlobalSection
	GlobalSection(ExtensibilityGlobals) = postSolution
		SolutionGuid = {306A2329-9094-487B-877C-9555F2E149D8}
	EndGlobalSection
EndGlobal
